
Microsoft Visual Studio Solution File, Format Version 12.00
# Visual Studio Version 17
VisualStudioVersion = 17.14.36203.30 d17.14
MinimumVisualStudioVersion = 10.0.40219.1
Project("{FAE04EC0-301F-11D3-BF4B-00C04F79EFBC}") = "Dealer.API", "Dealer.API\Dealer.API.csproj", "{B6FDBBD9-D51D-4617-B520-DA3804BFDFA7}"
EndProject
Project("{FAE04EC0-301F-11D3-BF4B-00C04F79EFBC}") = "Dealer.Domain", "Dealer.Domain\Dealer.Domain.csproj", "{D4253383-B160-4DC5-A9C3-308CA19AF2BF}"
EndProject
Project("{FAE04EC0-301F-11D3-BF4B-00C04F79EFBC}") = "Dealer.Application", "Dealer.Application\Dealer.Application.csproj", "{C8601762-ACC9-498E-A68E-222D6723D41C}"
EndProject
Project("{FAE04EC0-301F-11D3-BF4B-00C04F79EFBC}") = "Dealer.Infrastructure", "Dealer.Infrastructure\Dealer.Infrastructure.csproj", "{FF8C4C61-9204-4BA9-80C0-B2D213180932}"
EndProject
Project("{FAE04EC0-301F-11D3-BF4B-00C04F79EFBC}") = "Dealer.Shared", "Dealer.Shared\Dealer.Shared.csproj", "{65988E82-C4DF-45B0-B05A-74A9DC606B4E}"
EndProject
Global
	GlobalSection(SolutionConfigurationPlatforms) = preSolution
		Debug|Any CPU = Debug|Any CPU
		Release|Any CPU = Release|Any CPU
	EndGlobalSection
	GlobalSection(ProjectConfigurationPlatforms) = postSolution
		{B6FDBBD9-D51D-4617-B520-DA3804BFDFA7}.Debug|Any CPU.ActiveCfg = Debug|Any CPU
		{B6FDBBD9-D51D-4617-B520-DA3804BFDFA7}.Debug|Any CPU.Build.0 = Debug|Any CPU
		{B6FDBBD9-D51D-4617-B520-DA3804BFDFA7}.Release|Any CPU.ActiveCfg = Release|Any CPU
		{B6FDBBD9-D51D-4617-B520-DA3804BFDFA7}.Release|Any CPU.Build.0 = Release|Any CPU
		{D4253383-B160-4DC5-A9C3-308CA19AF2BF}.Debug|Any CPU.ActiveCfg = Debug|Any CPU
		{D4253383-B160-4DC5-A9C3-308CA19AF2BF}.Debug|Any CPU.Build.0 = Debug|Any CPU
		{D4253383-B160-4DC5-A9C3-308CA19AF2BF}.Release|Any CPU.ActiveCfg = Release|Any CPU
		{D4253383-B160-4DC5-A9C3-308CA19AF2BF}.Release|Any CPU.Build.0 = Release|Any CPU
		{C8601762-ACC9-498E-A68E-222D6723D41C}.Debug|Any CPU.ActiveCfg = Debug|Any CPU
		{C8601762-ACC9-498E-A68E-222D6723D41C}.Debug|Any CPU.Build.0 = Debug|Any CPU
		{C8601762-ACC9-498E-A68E-222D6723D41C}.Release|Any CPU.ActiveCfg = Release|Any CPU
		{C8601762-ACC9-498E-A68E-222D6723D41C}.Release|Any CPU.Build.0 = Release|Any CPU
		{FF8C4C61-9204-4BA9-80C0-B2D213180932}.Debug|Any CPU.ActiveCfg = Debug|Any CPU
		{FF8C4C61-9204-4BA9-80C0-B2D213180932}.Debug|Any CPU.Build.0 = Debug|Any CPU
		{FF8C4C61-9204-4BA9-80C0-B2D213180932}.Release|Any CPU.ActiveCfg = Release|Any CPU
		{FF8C4C61-9204-4BA9-80C0-B2D213180932}.Release|Any CPU.Build.0 = Release|Any CPU
		{65988E82-C4DF-45B0-B05A-74A9DC606B4E}.Debug|Any CPU.ActiveCfg = Debug|Any CPU
		{65988E82-C4DF-45B0-B05A-74A9DC606B4E}.Debug|Any CPU.Build.0 = Debug|Any CPU
		{65988E82-C4DF-45B0-B05A-74A9DC606B4E}.Release|Any CPU.ActiveCfg = Release|Any CPU
		{65988E82-C4DF-45B0-B05A-74A9DC606B4E}.Release|Any CPU.Build.0 = Release|Any CPU
	EndGlobalSection
	GlobalSection(SolutionProperties) = preSolution
		HideSolutionNode = FALSE
	EndGlobalSection
	GlobalSection(ExtensibilityGlobals) = postSolution
		SolutionGuid = {4D128810-AEC9-43E1-9A6C-6AD641135CCB}
	EndGlobalSection
EndGlobal
